schema: '2.0'
stages:
  data_ingestion:
    cmd: python src/data/data_ingestion.py
    deps:
    - path: src/data/data_ingestion.py
      hash: md5
      md5: 8d4e758e0de11adcceacd4284a99f203
      size: 3318
    params:
      params.yaml:
        data_ingestion.test_size: 0.2
    outs:
    - path: data/raw
      hash: md5
      md5: b7ac4496734ff387aca131728f63e9a1.dir
      size: 900635
      nfiles: 2
  build_features:
    cmd: python src/features/build_features.py
    deps:
    - path: data/interim
      hash: md5
      md5: 986231529b056e92ce9d59282c843488.dir
      size: 638872
      nfiles: 2
    - path: src/features/build_features.py
      hash: md5
      md5: 5b5af47362db741f7764a656c86bffe9
      size: 3962
    outs:
    - path: data/features
      hash: md5
      md5: 212d3a13b23a42dc3ffe598eb01f2577.dir
      size: 2179178
      nfiles: 2
  data_preprocessing:
    cmd: python src/data/data_preprocessing.py
    deps:
    - path: data/raw
      hash: md5
      md5: b7ac4496734ff387aca131728f63e9a1.dir
      size: 900635
      nfiles: 2
    - path: src/data/data_preprocessing.py
      hash: md5
      md5: 9af1d017f0a02f040d9fd1218ee2fe99
      size: 4526
    outs:
    - path: data/interim
      hash: md5
      md5: 986231529b056e92ce9d59282c843488.dir
      size: 638872
      nfiles: 2
  train_model:
    cmd: python src/models/train_model.py
    deps:
    - path: data/features
      hash: md5
      md5: 212d3a13b23a42dc3ffe598eb01f2577.dir
      size: 2179178
      nfiles: 2
    - path: src/models/train_model.py
      hash: md5
      md5: bf2f2780589c0e89bda90fa6095a5b21
      size: 3015
    outs:
    - path: models/model.pkl
      hash: md5
      md5: 0bdd05b07b978048e535e20bd3b4e271
      size: 39640
  predict_model:
    cmd: python src/models/predict_model.py
    deps:
    - path: models/model.pkl
      hash: md5
      md5: 0bdd05b07b978048e535e20bd3b4e271
      size: 39640
    - path: src/models/predict_model.py
      hash: md5
      md5: 8c222afa2a107c27559894dfc8aa99c0
      size: 3319
    outs:
    - path: reports/metrics.json
      hash: md5
      md5: 666f6777ee5868d83532974bad7a3250
      size: 144
